# This file is automatically @generated by Cargo.
# It is not intended for manual editing.
version = 4

[[package]]
name = "bin-pkg"
version = "2.3.4"

[[package]]
name = "lib-pkg"
version = "1.0.0"

[[package]]
name = "registry-restricted-pkg"
version = "3.0.0-alpha.1"

[[package]]
name = "unpublishable-pkg"
version = "0.1.0"
